<?xml version="1.0" encoding="utf-8"?>
<Project ToolsVersion="4.0" xmlns="http://schemas.microsoft.com/developer/msbuild/2003">
  <ItemGroup>
    <Filter Include="Исходные файлы">
      <UniqueIdentifier>{4FC737F1-C7A5-4376-A066-2A32D752A2FF}</UniqueIdentifier>
      <Extensions>cpp;c;cc;cxx;c++;cppm;ixx;def;odl;idl;hpj;bat;asm;asmx</Extensions>
    </Filter>
    <Filter Include="Файлы заголовков">
      <UniqueIdentifier>{93995380-89BD-4b04-88EB-625FBE52EBFB}</UniqueIdentifier>
      <Extensions>h;hh;hpp;hxx;h++;hm;inl;inc;ipp;xsd</Extensions>
    </Filter>
    <Filter Include="Файлы ресурсов">
      <UniqueIdentifier>{67DA6AB6-F800-4c08-8B7A-83BB121AAD01}</UniqueIdentifier>
      <Extensions>rc;ico;cur;bmp;dlg;rc2;rct;bin;rgs;gif;jpg;jpeg;jpe;resx;tiff;tif;png;wav;mfcribbon-ms</Extensions>
    </Filter>
    <Filter Include="Исходные файлы\old">
      <UniqueIdentifier>{db835803-f375-4027-b0c4-12c85daa4304}</UniqueIdentifier>
    </Filter>
    <Filter Include="Action">
      <UniqueIdentifier>{f13705cb-d1bc-40ac-bfce-afcde144d450}</UniqueIdentifier>
    </Filter>
    <Filter Include="Action\h">
      <UniqueIdentifier>{33a2e9d3-fb1e-4cff-9ac2-88cbf7195ec2}</UniqueIdentifier>
    </Filter>
    <Filter Include="Action\cpp">
      <UniqueIdentifier>{7f284d89-6893-4f7d-bb3a-1198b575328f}</UniqueIdentifier>
    </Filter>
    <Filter Include="Manipulator">
      <UniqueIdentifier>{22d2974e-1a79-4115-a978-13f21fbabafd}</UniqueIdentifier>
    </Filter>
    <Filter Include="Manipulator\h">
      <UniqueIdentifier>{c6278b46-e05d-4f25-94cc-390b507a1f7d}</UniqueIdentifier>
    </Filter>
    <Filter Include="Manipulator\cpp">
      <UniqueIdentifier>{4f2140c2-2d7c-4d42-be1f-ef529800a928}</UniqueIdentifier>
    </Filter>
    <Filter Include="Positionable">
      <UniqueIdentifier>{65d2a947-fd0f-466f-9601-48c02a2f85eb}</UniqueIdentifier>
    </Filter>
    <Filter Include="Positionable\h">
      <UniqueIdentifier>{27b7b5c6-fd5d-49e4-b21a-1706004e01ef}</UniqueIdentifier>
    </Filter>
    <Filter Include="Positionable\cpp">
      <UniqueIdentifier>{28425713-af5b-4c7e-aa16-f295c53cad5d}</UniqueIdentifier>
    </Filter>
  </ItemGroup>
  <ItemGroup>
    <ClCompile Include="sem5.cpp">
      <Filter>Исходные файлы</Filter>
    </ClCompile>
    <ClCompile Include="task01.cpp">
      <Filter>Исходные файлы\old</Filter>
    </ClCompile>
    <ClCompile Include="ActionGrip.cpp">
      <Filter>Action\cpp</Filter>
    </ClCompile>
    <ClCompile Include="ActionMove.cpp">
      <Filter>Action\cpp</Filter>
    </ClCompile>
    <ClCompile Include="ActionSet.cpp">
      <Filter>Action\cpp</Filter>
    </ClCompile>
    <ClCompile Include="Manipulator.cpp">
      <Filter>Manipulator\cpp</Filter>
    </ClCompile>
    <ClCompile Include="MockManipulator.cpp">
      <Filter>Manipulator\cpp</Filter>
    </ClCompile>
    <ClCompile Include="Element.cpp">
      <Filter>Positionable\cpp</Filter>
    </ClCompile>
    <ClCompile Include="Grip.cpp">
      <Filter>Positionable\cpp</Filter>
    </ClCompile>
    <ClCompile Include="Positionable.cpp">
      <Filter>Positionable\cpp</Filter>
    </ClCompile>
    <ClCompile Include="Sequence.cpp">
      <Filter>Исходные файлы</Filter>
    </ClCompile>
    <ClCompile Include="Camera.cpp">
      <Filter>Positionable\cpp</Filter>
    </ClCompile>
    <ClCompile Include="ActionCamera.cpp">
      <Filter>Action\cpp</Filter>
    </ClCompile>
    <ClCompile Include="MockAction.cpp">
      <Filter>Action\cpp</Filter>
    </ClCompile>
  </ItemGroup>
  <ItemGroup>
    <ClInclude Include="Sequence.h">
      <Filter>Файлы заголовков</Filter>
    </ClInclude>
    <ClInclude Include="ActionGrip.h">
      <Filter>Action\h</Filter>
    </ClInclude>
    <ClInclude Include="ActionSet.h">
      <Filter>Action\h</Filter>
    </ClInclude>
    <ClInclude Include="ActionMove.h">
      <Filter>Action\h</Filter>
    </ClInclude>
    <ClInclude Include="Manipulator.h">
      <Filter>Manipulator\h</Filter>
    </ClInclude>
    <ClInclude Include="MockManipulator.h">
      <Filter>Manipulator\h</Filter>
    </ClInclude>
    <ClInclude Include="IAction.h">
      <Filter>Action</Filter>
    </ClInclude>
    <ClInclude Include="IManipulator.h">
      <Filter>Manipulator</Filter>
    </ClInclude>
    <ClInclude Include="Camera.h">
      <Filter>Positionable\h</Filter>
    </ClInclude>
    <ClInclude Include="Element.h">
      <Filter>Positionable\h</Filter>
    </ClInclude>
    <ClInclude Include="Grip.h">
      <Filter>Positionable\h</Filter>
    </ClInclude>
    <ClInclude Include="Positionable.h">
      <Filter>Positionable\h</Filter>
    </ClInclude>
    <ClInclude Include="ActionCamera.h">
      <Filter>Action\h</Filter>
    </ClInclude>
    <ClInclude Include="MockAction.h">
      <Filter>Action\h</Filter>
    </ClInclude>
  </ItemGroup>
</Project>