<?xml version="1.0" encoding="utf-8"?>
<Project ToolsVersion="4.0" xmlns="http://schemas.microsoft.com/developer/msbuild/2003">
  <ItemGroup>
    <ClCompile Include="pch.cpp" />
    <ClCompile Include="ActionSet_test.cpp">
      <Filter>MockTests</Filter>
    </ClCompile>
    <ClCompile Include="ActionMove_test.cpp">
      <Filter>MockTests</Filter>
    </ClCompile>
    <ClCompile Include="ActionGrip_test.cpp">
      <Filter>MockTests</Filter>
    </ClCompile>
    <ClCompile Include="ActionCamera_test.cpp">
      <Filter>MockTests</Filter>
    </ClCompile>
    <ClCompile Include="Positionable_test.cpp">
      <Filter>Positionable</Filter>
    </ClCompile>
    <ClCompile Include="Camera_test.cpp">
      <Filter>Positionable</Filter>
    </ClCompile>
    <ClCompile Include="Element_test.cpp">
      <Filter>Positionable</Filter>
    </ClCompile>
    <ClCompile Include="Grip_test.cpp">
      <Filter>Positionable</Filter>
    </ClCompile>
    <ClCompile Include="Sequence_test.cpp">
      <Filter>MockTests</Filter>
    </ClCompile>
    <ClCompile Include="Manipulator_test_add_get.cpp">
      <Filter>Manipulator</Filter>
    </ClCompile>
    <ClCompile Include="Manipulator_test_set_move.cpp">
      <Filter>Manipulator</Filter>
    </ClCompile>
    <ClCompile Include="Manipulator_test_move_inside_the_function.cpp">
      <Filter>Manipulator</Filter>
    </ClCompile>
    <ClCompile Include="Validation_test.cpp">
      <Filter>Manipulator</Filter>
    </ClCompile>
    <ClCompile Include="Solver_test.cpp">
      <Filter>Solver</Filter>
    </ClCompile>
    <ClCompile Include="Solver_test_Intersect.cpp">
      <Filter>Solver</Filter>
    </ClCompile>
    <ClCompile Include="Solver_test_arc.cpp">
      <Filter>Solver</Filter>
    </ClCompile>
    <ClCompile Include="Solver_test_arc_intersection.cpp">
      <Filter>Solver</Filter>
    </ClCompile>
    <ClCompile Include="GraphSolver_test.cpp">
      <Filter>Solver</Filter>
    </ClCompile>
  </ItemGroup>
  <ItemGroup>
    <ClInclude Include="pch.h" />
  </ItemGroup>
  <ItemGroup>
    <None Include="packages.config" />
  </ItemGroup>
  <ItemGroup>
    <Filter Include="MockTests">
      <UniqueIdentifier>{0ffda60b-5c4c-4563-a513-781e854e11e0}</UniqueIdentifier>
    </Filter>
    <Filter Include="Positionable">
      <UniqueIdentifier>{b71239f6-8436-4532-b7c5-47b214048cf3}</UniqueIdentifier>
    </Filter>
    <Filter Include="Manipulator">
      <UniqueIdentifier>{8631c8f2-f6b7-42f3-b628-7b616adc6e87}</UniqueIdentifier>
    </Filter>
    <Filter Include="Solver">
      <UniqueIdentifier>{be5690c1-2116-429f-a08b-8be66c5834bb}</UniqueIdentifier>
    </Filter>
  </ItemGroup>
</Project>